// !$*UTF8*$!
{
	archiveVersion = 1;
	classes = {
	};
	objectVersion = 51;
	objects = {

/* Begin PBXBuildFile section */
		040A3E7125D9C1DE00DFD359 /* FriendsTableViewController.swift in Sources */ = {isa = PBXBuildFile; fileRef = 040A3E7025D9C1DE00DFD359 /* FriendsTableViewController.swift */; };
		040A3E7425D9C6C600DFD359 /* FriendsTableViewCell.swift in Sources */ = {isa = PBXBuildFile; fileRef = 040A3E7325D9C6C600DFD359 /* FriendsTableViewCell.swift */; };
		040A3E7725D9CB1900DFD359 /* FriendPhotoCollectionViewController.swift in Sources */ = {isa = PBXBuildFile; fileRef = 040A3E7625D9CB1900DFD359 /* FriendPhotoCollectionViewController.swift */; };
		040A3E7A25D9CEAC00DFD359 /* FriendPhotoCollectionViewCell.swift in Sources */ = {isa = PBXBuildFile; fileRef = 040A3E7925D9CEAC00DFD359 /* FriendPhotoCollectionViewCell.swift */; };
		040A3E7D25DA405600DFD359 /* MyGroupsTableViewController.swift in Sources */ = {isa = PBXBuildFile; fileRef = 040A3E7C25DA405600DFD359 /* MyGroupsTableViewController.swift */; };
		040A3E8025DA427B00DFD359 /* MyGroupsTableViewCell.swift in Sources */ = {isa = PBXBuildFile; fileRef = 040A3E7F25DA427B00DFD359 /* MyGroupsTableViewCell.swift */; };
		040A3E8325DA463F00DFD359 /* AllGroupsTableViewCell.swift in Sources */ = {isa = PBXBuildFile; fileRef = 040A3E8225DA463F00DFD359 /* AllGroupsTableViewCell.swift */; };
		040A3E8625DA46C400DFD359 /* AllGroupsTableViewController.swift in Sources */ = {isa = PBXBuildFile; fileRef = 040A3E8525DA46C400DFD359 /* AllGroupsTableViewController.swift */; };
		041C53F825E9196600F21BD7 /* LikeButton.swift in Sources */ = {isa = PBXBuildFile; fileRef = 041C53F725E9196600F21BD7 /* LikeButton.swift */; };
		042542F4260088E6005D99FD /* Session.swift in Sources */ = {isa = PBXBuildFile; fileRef = 042542F3260088E6005D99FD /* Session.swift */; };
		044570C225E9064100FC4E47 /* CircleView.swift in Sources */ = {isa = PBXBuildFile; fileRef = 044570C125E9064100FC4E47 /* CircleView.swift */; };
		045063EC25FD4C9E00B08791 /* CommentButton.swift in Sources */ = {isa = PBXBuildFile; fileRef = 045063EB25FD4C9E00B08791 /* CommentButton.swift */; };
		045063F025FD4D0B00B08791 /* ShareButton.swift in Sources */ = {isa = PBXBuildFile; fileRef = 045063EF25FD4D0B00B08791 /* ShareButton.swift */; };
		0450641825FF634C00B08791 /* Loading.swift in Sources */ = {isa = PBXBuildFile; fileRef = 0450641725FF634C00B08791 /* Loading.swift */; };
		045C904825CAD144005FC428 /* AppDelegate.swift in Sources */ = {isa = PBXBuildFile; fileRef = 045C904725CAD144005FC428 /* AppDelegate.swift */; };
		045C904A25CAD144005FC428 /* SceneDelegate.swift in Sources */ = {isa = PBXBuildFile; fileRef = 045C904925CAD144005FC428 /* SceneDelegate.swift */; };
		045C904F25CAD144005FC428 /* Main.storyboard in Resources */ = {isa = PBXBuildFile; fileRef = 045C904D25CAD144005FC428 /* Main.storyboard */; };
		045C905125CAD146005FC428 /* Assets.xcassets in Resources */ = {isa = PBXBuildFile; fileRef = 045C905025CAD146005FC428 /* Assets.xcassets */; };
		045C905425CAD146005FC428 /* LaunchScreen.storyboard in Resources */ = {isa = PBXBuildFile; fileRef = 045C905225CAD146005FC428 /* LaunchScreen.storyboard */; };
		045CCBA925F3F46F00513B88 /* GroupUser.swift in Sources */ = {isa = PBXBuildFile; fileRef = 045CCBA825F3F46F00513B88 /* GroupUser.swift */; };
		04DDEE552604728600FC8577 /* FriendsPhotoViewController.swift in Sources */ = {isa = PBXBuildFile; fileRef = 04DDEE542604728600FC8577 /* FriendsPhotoViewController.swift */; };
		090AF7F026088F9100C1939B /* VKLoginViewController.swift in Sources */ = {isa = PBXBuildFile; fileRef = 090AF7EF26088F9100C1939B /* VKLoginViewController.swift */; };
		090AF7F7260896FE00C1939B /* WebKit.framework in Frameworks */ = {isa = PBXBuildFile; fileRef = 090AF7F3260890B700C1939B /* WebKit.framework */; };
		090AF7FC26089E6600C1939B /* NetworkManager.swift in Sources */ = {isa = PBXBuildFile; fileRef = 090AF7FB26089E6600C1939B /* NetworkManager.swift */; };
		091A71652662766800F41EAA /* CustomShadowView.swift in Sources */ = {isa = PBXBuildFile; fileRef = 091A71642662766800F41EAA /* CustomShadowView.swift */; };
		092212502615D2C800B49CD6 /* RealmManager.swift in Sources */ = {isa = PBXBuildFile; fileRef = 0922124F2615D2C800B49CD6 /* RealmManager.swift */; };
		092600E6264B273C00D079E5 /* AsyncOperation.swift in Sources */ = {isa = PBXBuildFile; fileRef = 092600E5264B273C00D079E5 /* AsyncOperation.swift */; };
		092600E8264B276300D079E5 /* GetDataOperation.swift in Sources */ = {isa = PBXBuildFile; fileRef = 092600E7264B276300D079E5 /* GetDataOperation.swift */; };
		092600EA264B277400D079E5 /* ParseFriendsOperation.swift in Sources */ = {isa = PBXBuildFile; fileRef = 092600E9264B277400D079E5 /* ParseFriendsOperation.swift */; };
		092600EC264B278600D079E5 /* RealmUpdateFriendsOperation.swift in Sources */ = {isa = PBXBuildFile; fileRef = 092600EB264B278600D079E5 /* RealmUpdateFriendsOperation.swift */; };
		092600EE264B279600D079E5 /* ReloadFriendsController.swift in Sources */ = {isa = PBXBuildFile; fileRef = 092600ED264B279600D079E5 /* ReloadFriendsController.swift */; };
		092600F1264B29E600D079E5 /* NetworkManagerOperation.swift in Sources */ = {isa = PBXBuildFile; fileRef = 092600F0264B29E600D079E5 /* NetworkManagerOperation.swift */; };
		092601942652BE6F00D079E5 /* NetworkManagerPromise.swift in Sources */ = {isa = PBXBuildFile; fileRef = 092601932652BE6F00D079E5 /* NetworkManagerPromise.swift */; };
		092601962654015900D079E5 /* VKError.swift in Sources */ = {isa = PBXBuildFile; fileRef = 092601952654015900D079E5 /* VKError.swift */; };
		0926019826540D5C00D079E5 /* UIAlertController.swift in Sources */ = {isa = PBXBuildFile; fileRef = 0926019726540D5C00D079E5 /* UIAlertController.swift */; };
		0926B8D326106F1300C66F1A /* Groups.swift in Sources */ = {isa = PBXBuildFile; fileRef = 0926B8D226106F1300C66F1A /* Groups.swift */; };
		092AC34B260B3D0F001E4EF1 /* AnimatorOpen.swift in Sources */ = {isa = PBXBuildFile; fileRef = 092AC34A260B3D0F001E4EF1 /* AnimatorOpen.swift */; };
		092AC34E260B4106001E4EF1 /* CustomNavigationController.swift in Sources */ = {isa = PBXBuildFile; fileRef = 092AC34D260B4106001E4EF1 /* CustomNavigationController.swift */; };
		092AC351260B414D001E4EF1 /* CustomPushAnimator.swift in Sources */ = {isa = PBXBuildFile; fileRef = 092AC350260B414D001E4EF1 /* CustomPushAnimator.swift */; };
		092AC355260B4165001E4EF1 /* CustomPopAnimator.swift in Sources */ = {isa = PBXBuildFile; fileRef = 092AC354260B4165001E4EF1 /* CustomPopAnimator.swift */; };
		092AC358260B419F001E4EF1 /* CustomInteractiveTransition.swift in Sources */ = {isa = PBXBuildFile; fileRef = 092AC357260B419F001E4EF1 /* CustomInteractiveTransition.swift */; };
		093D991226824CFC00473817 /* UIColor+Extensions.swift in Sources */ = {isa = PBXBuildFile; fileRef = 093D991126824CFC00473817 /* UIColor+Extensions.swift */; };
		093D99162683908300473817 /* GroupViewModelFactory.swift in Sources */ = {isa = PBXBuildFile; fileRef = 093D99152683908300473817 /* GroupViewModelFactory.swift */; };
		0943ECD3260F455800039272 /* Photos.swift in Sources */ = {isa = PBXBuildFile; fileRef = 0943ECD2260F455800039272 /* Photos.swift */; };
		0952DF1C260E2B2200877AFC /* Friends.swift in Sources */ = {isa = PBXBuildFile; fileRef = 0952DF1B260E2B2200877AFC /* Friends.swift */; };
		09546EB4267E01E000167322 /* AlbumsController.swift in Sources */ = {isa = PBXBuildFile; fileRef = 09546EB3267E01E000167322 /* AlbumsController.swift */; };
		09546EB6267E05E900167322 /* Albums.swift in Sources */ = {isa = PBXBuildFile; fileRef = 09546EB5267E05E900167322 /* Albums.swift */; };
		09546EBA267E2C2100167322 /* PhotoCollection.swift in Sources */ = {isa = PBXBuildFile; fileRef = 09546EB9267E2C2100167322 /* PhotoCollection.swift */; };
		09546EBC267E314C00167322 /* AsyncImageCellCollectionNode.swift in Sources */ = {isa = PBXBuildFile; fileRef = 09546EBB267E314C00167322 /* AsyncImageCellCollectionNode.swift */; };
		09B1A54C2638A781005314FD /* .gitignore in Resources */ = {isa = PBXBuildFile; fileRef = 09B1A54B2638A781005314FD /* .gitignore */; };
		09CDB2102656BD9500FE69F2 /* KeychainUser.swift in Sources */ = {isa = PBXBuildFile; fileRef = 09CDB20F2656BD9500FE69F2 /* KeychainUser.swift */; };
		09CDB21326594C9400FE69F2 /* PhotoService.swift in Sources */ = {isa = PBXBuildFile; fileRef = 09CDB21226594C9400FE69F2 /* PhotoService.swift */; };
		09D1DCA22633218200D58A5F /* GoogleService-Info.plist in Resources */ = {isa = PBXBuildFile; fileRef = 09D1DCA12633218200D58A5F /* GoogleService-Info.plist */; };
		09D1DCC02633246D00D58A5F /* UsersFirestore.swift in Sources */ = {isa = PBXBuildFile; fileRef = 09D1DCBF2633246D00D58A5F /* UsersFirestore.swift */; };
		09D1DCC5263325FA00D58A5F /* PhotosFirestore.swift in Sources */ = {isa = PBXBuildFile; fileRef = 09D1DCC4263325FA00D58A5F /* PhotosFirestore.swift */; };
		09D1DCC92633260300D58A5F /* GroupsFirestore.swift in Sources */ = {isa = PBXBuildFile; fileRef = 09D1DCC82633260300D58A5F /* GroupsFirestore.swift */; };
		09D685C2261F62C90046B131 /* Results.swift in Sources */ = {isa = PBXBuildFile; fileRef = 09D685C1261F62C90046B131 /* Results.swift */; };
		09EB45C7266BA8370065648C /* NewsfeedPresenter.swift in Sources */ = {isa = PBXBuildFile; fileRef = 09EB45C0266BA8370065648C /* NewsfeedPresenter.swift */; };
		09EB45C8266BA8370065648C /* NewsfeedWorker.swift in Sources */ = {isa = PBXBuildFile; fileRef = 09EB45C1266BA8370065648C /* NewsfeedWorker.swift */; };
		09EB45C9266BA8370065648C /* NewsfeedRouter.swift in Sources */ = {isa = PBXBuildFile; fileRef = 09EB45C2266BA8370065648C /* NewsfeedRouter.swift */; };
		09EB45CA266BA8370065648C /* NewsfeedModels.swift in Sources */ = {isa = PBXBuildFile; fileRef = 09EB45C3266BA8370065648C /* NewsfeedModels.swift */; };
		09EB45CB266BA8370065648C /* NewsfeedViewController.swift in Sources */ = {isa = PBXBuildFile; fileRef = 09EB45C4266BA8370065648C /* NewsfeedViewController.swift */; };
		09EB45CC266BA8370065648C /* NewsfeedInteractor.swift in Sources */ = {isa = PBXBuildFile; fileRef = 09EB45C5266BA8370065648C /* NewsfeedInteractor.swift */; };
		09EB45D3266BAA410065648C /* GradientView.swift in Sources */ = {isa = PBXBuildFile; fileRef = 09EB45D2266BAA410065648C /* GradientView.swift */; };
		09EB45D6266BAE8F0065648C /* NewsfeedCell.swift in Sources */ = {isa = PBXBuildFile; fileRef = 09EB45D5266BAE8F0065648C /* NewsfeedCell.swift */; };
		09EB45DD266BBFFA0065648C /* Constraint.swift in Sources */ = {isa = PBXBuildFile; fileRef = 09EB45DC266BBFFA0065648C /* Constraint.swift */; };
		09EB45E1266BC1650065648C /* FooterView.swift in Sources */ = {isa = PBXBuildFile; fileRef = 09EB45E0266BC1650065648C /* FooterView.swift */; };
		09EB45E4266BC9360065648C /* RowLayout.swift in Sources */ = {isa = PBXBuildFile; fileRef = 09EB45E3266BC9360065648C /* RowLayout.swift */; };
		09EB45E6266BC9DB0065648C /* GalleryCollectionView.swift in Sources */ = {isa = PBXBuildFile; fileRef = 09EB45E5266BC9DB0065648C /* GalleryCollectionView.swift */; };
		09EB45E8266BC9F90065648C /* GalleryCollectionVIewCell.swift in Sources */ = {isa = PBXBuildFile; fileRef = 09EB45E7266BC9F90065648C /* GalleryCollectionVIewCell.swift */; };
		09EB45EA266BCAF50065648C /* NewsfeedConstants.swift in Sources */ = {isa = PBXBuildFile; fileRef = 09EB45E9266BCAF50065648C /* NewsfeedConstants.swift */; };
		09EB45EC266BD4BE0065648C /* WebImageView.swift in Sources */ = {isa = PBXBuildFile; fileRef = 09EB45EB266BD4BE0065648C /* WebImageView.swift */; };
		09EB45EE266BDBD70065648C /* NewsfeedCellLayoutCalculator.swift in Sources */ = {isa = PBXBuildFile; fileRef = 09EB45ED266BDBD70065648C /* NewsfeedCellLayoutCalculator.swift */; };
		09EB45F0266BDC3D0065648C /* String+Height.swift in Sources */ = {isa = PBXBuildFile; fileRef = 09EB45EF266BDC3D0065648C /* String+Height.swift */; };
		09EB45F2266BDD660065648C /* Feed.swift in Sources */ = {isa = PBXBuildFile; fileRef = 09EB45F1266BDD660065648C /* Feed.swift */; };
		09EB45F4266BDE1A0065648C /* User.swift in Sources */ = {isa = PBXBuildFile; fileRef = 09EB45F3266BDE1A0065648C /* User.swift */; };
		09EB45F6266BDF1D0065648C /* NetworkService.swift in Sources */ = {isa = PBXBuildFile; fileRef = 09EB45F5266BDF1D0065648C /* NetworkService.swift */; };
		09EB45F8266BDF2A0065648C /* NetworkDataFetcher.swift in Sources */ = {isa = PBXBuildFile; fileRef = 09EB45F7266BDF2A0065648C /* NetworkDataFetcher.swift */; };
		09EB45FA266BE7E00065648C /* Localizable.stringsdict in Resources */ = {isa = PBXBuildFile; fileRef = 09EB45F9266BE7E00065648C /* Localizable.stringsdict */; };
		09F1FAFE2646E30A00C5A2E0 /* Date.swift in Sources */ = {isa = PBXBuildFile; fileRef = 09F1FAFD2646E30A00C5A2E0 /* Date.swift */; };
		09F1FB002646FC1900C5A2E0 /* Int.swift in Sources */ = {isa = PBXBuildFile; fileRef = 09F1FAFF2646FC1900C5A2E0 /* Int.swift */; };
		0A8221103BB675EEE57A7358 /* Pods_UserInterface.framework in Frameworks */ = {isa = PBXBuildFile; fileRef = D52D27DFE470821A09066CB9 /* Pods_UserInterface.framework */; };
/* End PBXBuildFile section */

/* Begin PBXFileReference section */
		040A3E7025D9C1DE00DFD359 /* FriendsTableViewController.swift */ = {isa = PBXFileReference; lastKnownFileType = sourcecode.swift; path = FriendsTableViewController.swift; sourceTree = "<group>"; };
		040A3E7325D9C6C600DFD359 /* FriendsTableViewCell.swift */ = {isa = PBXFileReference; lastKnownFileType = sourcecode.swift; path = FriendsTableViewCell.swift; sourceTree = "<group>"; };
		040A3E7625D9CB1900DFD359 /* FriendPhotoCollectionViewController.swift */ = {isa = PBXFileReference; lastKnownFileType = sourcecode.swift; path = FriendPhotoCollectionViewController.swift; sourceTree = "<group>"; };
		040A3E7925D9CEAC00DFD359 /* FriendPhotoCollectionViewCell.swift */ = {isa = PBXFileReference; lastKnownFileType = sourcecode.swift; path = FriendPhotoCollectionViewCell.swift; sourceTree = "<group>"; };
		040A3E7C25DA405600DFD359 /* MyGroupsTableViewController.swift */ = {isa = PBXFileReference; lastKnownFileType = sourcecode.swift; path = MyGroupsTableViewController.swift; sourceTree = "<group>"; };
		040A3E7F25DA427B00DFD359 /* MyGroupsTableViewCell.swift */ = {isa = PBXFileReference; lastKnownFileType = sourcecode.swift; path = MyGroupsTableViewCell.swift; sourceTree = "<group>"; };
		040A3E8225DA463F00DFD359 /* AllGroupsTableViewCell.swift */ = {isa = PBXFileReference; lastKnownFileType = sourcecode.swift; path = AllGroupsTableViewCell.swift; sourceTree = "<group>"; };
		040A3E8525DA46C400DFD359 /* AllGroupsTableViewController.swift */ = {isa = PBXFileReference; lastKnownFileType = sourcecode.swift; path = AllGroupsTableViewController.swift; sourceTree = "<group>"; };
		041C53F725E9196600F21BD7 /* LikeButton.swift */ = {isa = PBXFileReference; lastKnownFileType = sourcecode.swift; path = LikeButton.swift; sourceTree = "<group>"; };
		042542F3260088E6005D99FD /* Session.swift */ = {isa = PBXFileReference; lastKnownFileType = sourcecode.swift; path = Session.swift; sourceTree = "<group>"; };
		044570C125E9064100FC4E47 /* CircleView.swift */ = {isa = PBXFileReference; lastKnownFileType = sourcecode.swift; path = CircleView.swift; sourceTree = "<group>"; };
		045063EB25FD4C9E00B08791 /* CommentButton.swift */ = {isa = PBXFileReference; lastKnownFileType = sourcecode.swift; path = CommentButton.swift; sourceTree = "<group>"; };
		045063EF25FD4D0B00B08791 /* ShareButton.swift */ = {isa = PBXFileReference; lastKnownFileType = sourcecode.swift; path = ShareButton.swift; sourceTree = "<group>"; };
		0450641725FF634C00B08791 /* Loading.swift */ = {isa = PBXFileReference; lastKnownFileType = sourcecode.swift; path = Loading.swift; sourceTree = "<group>"; };
		045C904425CAD144005FC428 /* UserInterface.app */ = {isa = PBXFileReference; explicitFileType = wrapper.application; includeInIndex = 0; path = UserInterface.app; sourceTree = BUILT_PRODUCTS_DIR; };
		045C904725CAD144005FC428 /* AppDelegate.swift */ = {isa = PBXFileReference; lastKnownFileType = sourcecode.swift; path = AppDelegate.swift; sourceTree = "<group>"; };
		045C904925CAD144005FC428 /* SceneDelegate.swift */ = {isa = PBXFileReference; lastKnownFileType = sourcecode.swift; path = SceneDelegate.swift; sourceTree = "<group>"; };
		045C904E25CAD144005FC428 /* Base */ = {isa = PBXFileReference; lastKnownFileType = file.storyboard; name = Base; path = Base.lproj/Main.storyboard; sourceTree = "<group>"; };
		045C905025CAD146005FC428 /* Assets.xcassets */ = {isa = PBXFileReference; lastKnownFileType = folder.assetcatalog; path = Assets.xcassets; sourceTree = "<group>"; };
		045C905325CAD146005FC428 /* Base */ = {isa = PBXFileReference; lastKnownFileType = file.storyboard; name = Base; path = Base.lproj/LaunchScreen.storyboard; sourceTree = "<group>"; };
		045C905525CAD146005FC428 /* Info.plist */ = {isa = PBXFileReference; lastKnownFileType = text.plist.xml; path = Info.plist; sourceTree = "<group>"; };
		045CCBA825F3F46F00513B88 /* GroupUser.swift */ = {isa = PBXFileReference; lastKnownFileType = sourcecode.swift; path = GroupUser.swift; sourceTree = "<group>"; };
		04DDEE542604728600FC8577 /* FriendsPhotoViewController.swift */ = {isa = PBXFileReference; lastKnownFileType = sourcecode.swift; path = FriendsPhotoViewController.swift; sourceTree = "<group>"; };
		090AF7EF26088F9100C1939B /* VKLoginViewController.swift */ = {isa = PBXFileReference; lastKnownFileType = sourcecode.swift; path = VKLoginViewController.swift; sourceTree = "<group>"; };
		090AF7F3260890B700C1939B /* WebKit.framework */ = {isa = PBXFileReference; lastKnownFileType = wrapper.framework; name = WebKit.framework; path = System/Library/Frameworks/WebKit.framework; sourceTree = SDKROOT; };
		090AF7FB26089E6600C1939B /* NetworkManager.swift */ = {isa = PBXFileReference; lastKnownFileType = sourcecode.swift; path = NetworkManager.swift; sourceTree = "<group>"; };
		091A71642662766800F41EAA /* CustomShadowView.swift */ = {isa = PBXFileReference; lastKnownFileType = sourcecode.swift; path = CustomShadowView.swift; sourceTree = "<group>"; };
		0922124F2615D2C800B49CD6 /* RealmManager.swift */ = {isa = PBXFileReference; lastKnownFileType = sourcecode.swift; path = RealmManager.swift; sourceTree = "<group>"; };
		092600E5264B273C00D079E5 /* AsyncOperation.swift */ = {isa = PBXFileReference; lastKnownFileType = sourcecode.swift; path = AsyncOperation.swift; sourceTree = "<group>"; };
		092600E7264B276300D079E5 /* GetDataOperation.swift */ = {isa = PBXFileReference; lastKnownFileType = sourcecode.swift; path = GetDataOperation.swift; sourceTree = "<group>"; };
		092600E9264B277400D079E5 /* ParseFriendsOperation.swift */ = {isa = PBXFileReference; lastKnownFileType = sourcecode.swift; path = ParseFriendsOperation.swift; sourceTree = "<group>"; };
		092600EB264B278600D079E5 /* RealmUpdateFriendsOperation.swift */ = {isa = PBXFileReference; lastKnownFileType = sourcecode.swift; path = RealmUpdateFriendsOperation.swift; sourceTree = "<group>"; };
		092600ED264B279600D079E5 /* ReloadFriendsController.swift */ = {isa = PBXFileReference; lastKnownFileType = sourcecode.swift; path = ReloadFriendsController.swift; sourceTree = "<group>"; };
		092600F0264B29E600D079E5 /* NetworkManagerOperation.swift */ = {isa = PBXFileReference; lastKnownFileType = sourcecode.swift; path = NetworkManagerOperation.swift; sourceTree = "<group>"; };
		092601932652BE6F00D079E5 /* NetworkManagerPromise.swift */ = {isa = PBXFileReference; lastKnownFileType = sourcecode.swift; path = NetworkManagerPromise.swift; sourceTree = "<group>"; };
		092601952654015900D079E5 /* VKError.swift */ = {isa = PBXFileReference; lastKnownFileType = sourcecode.swift; path = VKError.swift; sourceTree = "<group>"; };
		0926019726540D5C00D079E5 /* UIAlertController.swift */ = {isa = PBXFileReference; lastKnownFileType = sourcecode.swift; path = UIAlertController.swift; sourceTree = "<group>"; };
		0926B8D226106F1300C66F1A /* Groups.swift */ = {isa = PBXFileReference; lastKnownFileType = sourcecode.swift; path = Groups.swift; sourceTree = "<group>"; };
		092AC34A260B3D0F001E4EF1 /* AnimatorOpen.swift */ = {isa = PBXFileReference; lastKnownFileType = sourcecode.swift; path = AnimatorOpen.swift; sourceTree = "<group>"; };
		092AC34D260B4106001E4EF1 /* CustomNavigationController.swift */ = {isa = PBXFileReference; lastKnownFileType = sourcecode.swift; path = CustomNavigationController.swift; sourceTree = "<group>"; };
		092AC350260B414D001E4EF1 /* CustomPushAnimator.swift */ = {isa = PBXFileReference; lastKnownFileType = sourcecode.swift; path = CustomPushAnimator.swift; sourceTree = "<group>"; };
		092AC354260B4165001E4EF1 /* CustomPopAnimator.swift */ = {isa = PBXFileReference; lastKnownFileType = sourcecode.swift; path = CustomPopAnimator.swift; sourceTree = "<group>"; };
		092AC357260B419F001E4EF1 /* CustomInteractiveTransition.swift */ = {isa = PBXFileReference; lastKnownFileType = sourcecode.swift; path = CustomInteractiveTransition.swift; sourceTree = "<group>"; };
		093D991126824CFC00473817 /* UIColor+Extensions.swift */ = {isa = PBXFileReference; lastKnownFileType = sourcecode.swift; path = "UIColor+Extensions.swift"; sourceTree = "<group>"; };
		093D99152683908300473817 /* GroupViewModelFactory.swift */ = {isa = PBXFileReference; lastKnownFileType = sourcecode.swift; path = GroupViewModelFactory.swift; sourceTree = "<group>"; };
		0943ECD2260F455800039272 /* Photos.swift */ = {isa = PBXFileReference; lastKnownFileType = sourcecode.swift; path = Photos.swift; sourceTree = "<group>"; };
		0952DF1B260E2B2200877AFC /* Friends.swift */ = {isa = PBXFileReference; lastKnownFileType = sourcecode.swift; path = Friends.swift; sourceTree = "<group>"; };
		09546EB3267E01E000167322 /* AlbumsController.swift */ = {isa = PBXFileReference; lastKnownFileType = sourcecode.swift; path = AlbumsController.swift; sourceTree = "<group>"; };
		09546EB5267E05E900167322 /* Albums.swift */ = {isa = PBXFileReference; lastKnownFileType = sourcecode.swift; path = Albums.swift; sourceTree = "<group>"; };
		09546EB9267E2C2100167322 /* PhotoCollection.swift */ = {isa = PBXFileReference; lastKnownFileType = sourcecode.swift; path = PhotoCollection.swift; sourceTree = "<group>"; };
		09546EBB267E314C00167322 /* AsyncImageCellCollectionNode.swift */ = {isa = PBXFileReference; lastKnownFileType = sourcecode.swift; path = AsyncImageCellCollectionNode.swift; sourceTree = "<group>"; };
		09B1A54B2638A781005314FD /* .gitignore */ = {isa = PBXFileReference; lastKnownFileType = text; path = .gitignore; sourceTree = "<group>"; };
		09CDB20F2656BD9500FE69F2 /* KeychainUser.swift */ = {isa = PBXFileReference; lastKnownFileType = sourcecode.swift; path = KeychainUser.swift; sourceTree = "<group>"; };
		09CDB21226594C9400FE69F2 /* PhotoService.swift */ = {isa = PBXFileReference; lastKnownFileType = sourcecode.swift; path = PhotoService.swift; sourceTree = "<group>"; };
		09D1DCA12633218200D58A5F /* GoogleService-Info.plist */ = {isa = PBXFileReference; fileEncoding = 4; lastKnownFileType = text.plist.xml; path = "GoogleService-Info.plist"; sourceTree = "<group>"; };
		09D1DCBF2633246D00D58A5F /* UsersFirestore.swift */ = {isa = PBXFileReference; lastKnownFileType = sourcecode.swift; path = UsersFirestore.swift; sourceTree = "<group>"; };
		09D1DCC4263325FA00D58A5F /* PhotosFirestore.swift */ = {isa = PBXFileReference; lastKnownFileType = sourcecode.swift; path = PhotosFirestore.swift; sourceTree = "<group>"; };
		09D1DCC82633260300D58A5F /* GroupsFirestore.swift */ = {isa = PBXFileReference; lastKnownFileType = sourcecode.swift; path = GroupsFirestore.swift; sourceTree = "<group>"; };
		09D685C1261F62C90046B131 /* Results.swift */ = {isa = PBXFileReference; lastKnownFileType = sourcecode.swift; path = Results.swift; sourceTree = "<group>"; };
		09EB45C0266BA8370065648C /* NewsfeedPresenter.swift */ = {isa = PBXFileReference; lastKnownFileType = sourcecode.swift; path = NewsfeedPresenter.swift; sourceTree = "<group>"; };
		09EB45C1266BA8370065648C /* NewsfeedWorker.swift */ = {isa = PBXFileReference; lastKnownFileType = sourcecode.swift; path = NewsfeedWorker.swift; sourceTree = "<group>"; };
		09EB45C2266BA8370065648C /* NewsfeedRouter.swift */ = {isa = PBXFileReference; lastKnownFileType = sourcecode.swift; path = NewsfeedRouter.swift; sourceTree = "<group>"; };
		09EB45C3266BA8370065648C /* NewsfeedModels.swift */ = {isa = PBXFileReference; lastKnownFileType = sourcecode.swift; path = NewsfeedModels.swift; sourceTree = "<group>"; };
		09EB45C4266BA8370065648C /* NewsfeedViewController.swift */ = {isa = PBXFileReference; lastKnownFileType = sourcecode.swift; path = NewsfeedViewController.swift; sourceTree = "<group>"; };
		09EB45C5266BA8370065648C /* NewsfeedInteractor.swift */ = {isa = PBXFileReference; lastKnownFileType = sourcecode.swift; path = NewsfeedInteractor.swift; sourceTree = "<group>"; };
		09EB45D2266BAA410065648C /* GradientView.swift */ = {isa = PBXFileReference; lastKnownFileType = sourcecode.swift; path = GradientView.swift; sourceTree = "<group>"; };
		09EB45D5266BAE8F0065648C /* NewsfeedCell.swift */ = {isa = PBXFileReference; lastKnownFileType = sourcecode.swift; path = NewsfeedCell.swift; sourceTree = "<group>"; };
		09EB45DC266BBFFA0065648C /* Constraint.swift */ = {isa = PBXFileReference; lastKnownFileType = sourcecode.swift; path = Constraint.swift; sourceTree = "<group>"; };
		09EB45E0266BC1650065648C /* FooterView.swift */ = {isa = PBXFileReference; lastKnownFileType = sourcecode.swift; path = FooterView.swift; sourceTree = "<group>"; };
		09EB45E3266BC9360065648C /* RowLayout.swift */ = {isa = PBXFileReference; lastKnownFileType = sourcecode.swift; path = RowLayout.swift; sourceTree = "<group>"; };
		09EB45E5266BC9DB0065648C /* GalleryCollectionView.swift */ = {isa = PBXFileReference; lastKnownFileType = sourcecode.swift; path = GalleryCollectionView.swift; sourceTree = "<group>"; };
		09EB45E7266BC9F90065648C /* GalleryCollectionVIewCell.swift */ = {isa = PBXFileReference; lastKnownFileType = sourcecode.swift; path = GalleryCollectionVIewCell.swift; sourceTree = "<group>"; };
		09EB45E9266BCAF50065648C /* NewsfeedConstants.swift */ = {isa = PBXFileReference; lastKnownFileType = sourcecode.swift; path = NewsfeedConstants.swift; sourceTree = "<group>"; };
		09EB45EB266BD4BE0065648C /* WebImageView.swift */ = {isa = PBXFileReference; lastKnownFileType = sourcecode.swift; path = WebImageView.swift; sourceTree = "<group>"; };
		09EB45ED266BDBD70065648C /* NewsfeedCellLayoutCalculator.swift */ = {isa = PBXFileReference; lastKnownFileType = sourcecode.swift; path = NewsfeedCellLayoutCalculator.swift; sourceTree = "<group>"; };
		09EB45EF266BDC3D0065648C /* String+Height.swift */ = {isa = PBXFileReference; lastKnownFileType = sourcecode.swift; path = "String+Height.swift"; sourceTree = "<group>"; };
		09EB45F1266BDD660065648C /* Feed.swift */ = {isa = PBXFileReference; lastKnownFileType = sourcecode.swift; path = Feed.swift; sourceTree = "<group>"; };
		09EB45F3266BDE1A0065648C /* User.swift */ = {isa = PBXFileReference; lastKnownFileType = sourcecode.swift; path = User.swift; sourceTree = "<group>"; };
		09EB45F5266BDF1D0065648C /* NetworkService.swift */ = {isa = PBXFileReference; lastKnownFileType = sourcecode.swift; path = NetworkService.swift; sourceTree = "<group>"; };
		09EB45F7266BDF2A0065648C /* NetworkDataFetcher.swift */ = {isa = PBXFileReference; lastKnownFileType = sourcecode.swift; path = NetworkDataFetcher.swift; sourceTree = "<group>"; };
		09EB45F9266BE7E00065648C /* Localizable.stringsdict */ = {isa = PBXFileReference; lastKnownFileType = text.plist.stringsdict; path = Localizable.stringsdict; sourceTree = "<group>"; };
		09F1FAFD2646E30A00C5A2E0 /* Date.swift */ = {isa = PBXFileReference; lastKnownFileType = sourcecode.swift; path = Date.swift; sourceTree = "<group>"; };
		09F1FAFF2646FC1900C5A2E0 /* Int.swift */ = {isa = PBXFileReference; lastKnownFileType = sourcecode.swift; path = Int.swift; sourceTree = "<group>"; };
		8E2FB8AFFD33D0D6C4B12F96 /* Pods-UserInterface.debug.xcconfig */ = {isa = PBXFileReference; includeInIndex = 1; lastKnownFileType = text.xcconfig; name = "Pods-UserInterface.debug.xcconfig"; path = "Target Support Files/Pods-UserInterface/Pods-UserInterface.debug.xcconfig"; sourceTree = "<group>"; };
		D52D27DFE470821A09066CB9 /* Pods_UserInterface.framework */ = {isa = PBXFileReference; explicitFileType = wrapper.framework; includeInIndex = 0; path = Pods_UserInterface.framework; sourceTree = BUILT_PRODUCTS_DIR; };
		E5DF22B8312E351531B93656 /* Pods-UserInterface.release.xcconfig */ = {isa = PBXFileReference; includeInIndex = 1; lastKnownFileType = text.xcconfig; name = "Pods-UserInterface.release.xcconfig"; path = "Target Support Files/Pods-UserInterface/Pods-UserInterface.release.xcconfig"; sourceTree = "<group>"; };
/* End PBXFileReference section */

/* Begin PBXFrameworksBuildPhase section */
		045C904125CAD144005FC428 /* Frameworks */ = {
			isa = PBXFrameworksBuildPhase;
			buildActionMask = 2147483647;
			files = (
				090AF7F7260896FE00C1939B /* WebKit.framework in Frameworks */,
				0A8221103BB675EEE57A7358 /* Pods_UserInterface.framework in Frameworks */,
			);
			runOnlyForDeploymentPostprocessing = 0;
		};
/* End PBXFrameworksBuildPhase section */

/* Begin PBXGroup section */
		040A3E6625D9B9DF00DFD359 /* Friends */ = {
			isa = PBXGroup;
			children = (
				040A3E7025D9C1DE00DFD359 /* FriendsTableViewController.swift */,
				040A3E7325D9C6C600DFD359 /* FriendsTableViewCell.swift */,
				040A3E7625D9CB1900DFD359 /* FriendPhotoCollectionViewController.swift */,
				040A3E7925D9CEAC00DFD359 /* FriendPhotoCollectionViewCell.swift */,
				04DDEE542604728600FC8577 /* FriendsPhotoViewController.swift */,
			);
			path = Friends;
			sourceTree = "<group>";
		};
		040A3E6725D9B9EB00DFD359 /* Groups */ = {
			isa = PBXGroup;
			children = (
				093D99172683908D00473817 /* SimpleFactory */,
				040A3E7C25DA405600DFD359 /* MyGroupsTableViewController.swift */,
				040A3E7F25DA427B00DFD359 /* MyGroupsTableViewCell.swift */,
				040A3E8225DA463F00DFD359 /* AllGroupsTableViewCell.swift */,
				040A3E8525DA46C400DFD359 /* AllGroupsTableViewController.swift */,
			);
			path = Groups;
			sourceTree = "<group>";
		};
		040A3E6925D9BB2B00DFD359 /* Models */ = {
			isa = PBXGroup;
			children = (
				0952DF1B260E2B2200877AFC /* Friends.swift */,
				0943ECD2260F455800039272 /* Photos.swift */,
				09546EB5267E05E900167322 /* Albums.swift */,
				0926B8D226106F1300C66F1A /* Groups.swift */,
				09EB45F1266BDD660065648C /* Feed.swift */,
				09EB45F3266BDE1A0065648C /* User.swift */,
				09CDB20F2656BD9500FE69F2 /* KeychainUser.swift */,
				045CCBA825F3F46F00513B88 /* GroupUser.swift */,
			);
			path = Models;
			sourceTree = "<group>";
		};
		045063EA25FD4C4700B08791 /* Control */ = {
			isa = PBXGroup;
			children = (
				041C53F725E9196600F21BD7 /* LikeButton.swift */,
				045063EB25FD4C9E00B08791 /* CommentButton.swift */,
				045063EF25FD4D0B00B08791 /* ShareButton.swift */,
			);
			path = Control;
			sourceTree = "<group>";
		};
		0450641625FF634000B08791 /* Views */ = {
			isa = PBXGroup;
			children = (
				09EB45D2266BAA410065648C /* GradientView.swift */,
				044570C125E9064100FC4E47 /* CircleView.swift */,
				0450641725FF634C00B08791 /* Loading.swift */,
				091A71642662766800F41EAA /* CustomShadowView.swift */,
				09EB45EB266BD4BE0065648C /* WebImageView.swift */,
			);
			path = Views;
			sourceTree = "<group>";
		};
		045C903B25CAD144005FC428 = {
			isa = PBXGroup;
			children = (
				09B1A54B2638A781005314FD /* .gitignore */,
				045C904625CAD144005FC428 /* UserInterface */,
				090AF7F2260890B700C1939B /* Frameworks */,
				667661E6DC7E1D33A06A5FE1 /* Pods */,
			);
			sourceTree = "<group>";
		};
		045C904525CAD144005FC428 /* Products */ = {
			isa = PBXGroup;
			children = (
				045C904425CAD144005FC428 /* UserInterface.app */,
			);
			name = Products;
			path = ..;
			sourceTree = "<group>";
		};
		045C904625CAD144005FC428 /* UserInterface */ = {
			isa = PBXGroup;
			children = (
				092AC349260B3A64001E4EF1 /* CustomAnimation */,
				09D685C0261F62AF0046B131 /* Extensions */,
				0922124E2615D26000B49CD6 /* RealmManager */,
				092601922652BD6100D079E5 /* Promise */,
				092600E4264B272F00D079E5 /* Operations */,
				09CDB214265952B700FE69F2 /* Services */,
				0450641625FF634000B08791 /* Views */,
				045063EA25FD4C4700B08791 /* Control */,
				040A3E6625D9B9DF00DFD359 /* Friends */,
				09546EB2267E002500167322 /* Albums */,
				040A3E6725D9B9EB00DFD359 /* Groups */,
				09EB45CE266BA8420065648C /* Newsfeed */,
				09D1DCC2263325A600D58A5F /* Firestore Models */,
				040A3E6925D9BB2B00DFD359 /* Models */,
				09EB45DB266BBFDD0065648C /* Helpers */,
				045C904725CAD144005FC428 /* AppDelegate.swift */,
				045C904925CAD144005FC428 /* SceneDelegate.swift */,
				090AF7EF26088F9100C1939B /* VKLoginViewController.swift */,
				092601952654015900D079E5 /* VKError.swift */,
				045C904D25CAD144005FC428 /* Main.storyboard */,
				045C905025CAD146005FC428 /* Assets.xcassets */,
				045C905225CAD146005FC428 /* LaunchScreen.storyboard */,
				09D1DCA12633218200D58A5F /* GoogleService-Info.plist */,
				045C905525CAD146005FC428 /* Info.plist */,
				045C904525CAD144005FC428 /* Products */,
				09EB45F9266BE7E00065648C /* Localizable.stringsdict */,
			);
			path = UserInterface;
			sourceTree = "<group>";
		};
		090AF7F2260890B700C1939B /* Frameworks */ = {
			isa = PBXGroup;
			children = (
				090AF7F3260890B700C1939B /* WebKit.framework */,
				D52D27DFE470821A09066CB9 /* Pods_UserInterface.framework */,
			);
			name = Frameworks;
			sourceTree = "<group>";
		};
		0922124E2615D26000B49CD6 /* RealmManager */ = {
			isa = PBXGroup;
			children = (
				0922124F2615D2C800B49CD6 /* RealmManager.swift */,
			);
			path = RealmManager;
			sourceTree = "<group>";
		};
		092600E4264B272F00D079E5 /* Operations */ = {
			isa = PBXGroup;
			children = (
				092600F0264B29E600D079E5 /* NetworkManagerOperation.swift */,
				092600E5264B273C00D079E5 /* AsyncOperation.swift */,
				092600E7264B276300D079E5 /* GetDataOperation.swift */,
				092600EF264B27AF00D079E5 /* Friends */,
			);
			path = Operations;
			sourceTree = "<group>";
		};
		092600EF264B27AF00D079E5 /* Friends */ = {
			isa = PBXGroup;
			children = (
				092600E9264B277400D079E5 /* ParseFriendsOperation.swift */,
				092600EB264B278600D079E5 /* RealmUpdateFriendsOperation.swift */,
				092600ED264B279600D079E5 /* ReloadFriendsController.swift */,
			);
			path = Friends;
			sourceTree = "<group>";
		};
		092601922652BD6100D079E5 /* Promise */ = {
			isa = PBXGroup;
			children = (
				092601932652BE6F00D079E5 /* NetworkManagerPromise.swift */,
			);
			path = Promise;
			sourceTree = "<group>";
		};
		092AC349260B3A64001E4EF1 /* CustomAnimation */ = {
			isa = PBXGroup;
			children = (
				092AC34D260B4106001E4EF1 /* CustomNavigationController.swift */,
				092AC357260B419F001E4EF1 /* CustomInteractiveTransition.swift */,
				092AC350260B414D001E4EF1 /* CustomPushAnimator.swift */,
				092AC354260B4165001E4EF1 /* CustomPopAnimator.swift */,
				092AC34A260B3D0F001E4EF1 /* AnimatorOpen.swift */,
			);
			path = CustomAnimation;
			sourceTree = "<group>";
		};
		093D99172683908D00473817 /* SimpleFactory */ = {
			isa = PBXGroup;
			children = (
				093D99152683908300473817 /* GroupViewModelFactory.swift */,
			);
			path = SimpleFactory;
			sourceTree = "<group>";
		};
		09546EB2267E002500167322 /* Albums */ = {
			isa = PBXGroup;
			children = (
				09546EB3267E01E000167322 /* AlbumsController.swift */,
				09546EB9267E2C2100167322 /* PhotoCollection.swift */,
				09546EBB267E314C00167322 /* AsyncImageCellCollectionNode.swift */,
			);
			path = Albums;
			sourceTree = "<group>";
		};
		09CDB214265952B700FE69F2 /* Services */ = {
			isa = PBXGroup;
			children = (
				042542F3260088E6005D99FD /* Session.swift */,
				090AF7FB26089E6600C1939B /* NetworkManager.swift */,
				09EB45F5266BDF1D0065648C /* NetworkService.swift */,
				09EB45F7266BDF2A0065648C /* NetworkDataFetcher.swift */,
			);
			path = Services;
			sourceTree = "<group>";
		};
		09D1DCC2263325A600D58A5F /* Firestore Models */ = {
			isa = PBXGroup;
			children = (
				09D1DCBF2633246D00D58A5F /* UsersFirestore.swift */,
				09D1DCC4263325FA00D58A5F /* PhotosFirestore.swift */,
				09D1DCC82633260300D58A5F /* GroupsFirestore.swift */,
			);
			path = "Firestore Models";
			sourceTree = "<group>";
		};
		09D685C0261F62AF0046B131 /* Extensions */ = {
			isa = PBXGroup;
			children = (
				09D685C1261F62C90046B131 /* Results.swift */,
				09F1FAFD2646E30A00C5A2E0 /* Date.swift */,
				09F1FAFF2646FC1900C5A2E0 /* Int.swift */,
				0926019726540D5C00D079E5 /* UIAlertController.swift */,
			);
			path = Extensions;
			sourceTree = "<group>";
		};
		09EB45CE266BA8420065648C /* Newsfeed */ = {
			isa = PBXGroup;
			children = (
				09EB45E2266BC91E0065648C /* GalleryView */,
				09EB45D8266BB2740065648C /* FooterView */,
				09EB45D4266BADB20065648C /* Cell */,
				09EB45C4266BA8370065648C /* NewsfeedViewController.swift */,
				09EB45C5266BA8370065648C /* NewsfeedInteractor.swift */,
				09EB45C0266BA8370065648C /* NewsfeedPresenter.swift */,
				09EB45C3266BA8370065648C /* NewsfeedModels.swift */,
				09EB45C1266BA8370065648C /* NewsfeedWorker.swift */,
				09EB45C2266BA8370065648C /* NewsfeedRouter.swift */,
			);
			path = Newsfeed;
			sourceTree = "<group>";
		};
		09EB45D4266BADB20065648C /* Cell */ = {
			isa = PBXGroup;
			children = (
				09EB45D5266BAE8F0065648C /* NewsfeedCell.swift */,
				09EB45E9266BCAF50065648C /* NewsfeedConstants.swift */,
				09EB45ED266BDBD70065648C /* NewsfeedCellLayoutCalculator.swift */,
			);
			path = Cell;
			sourceTree = "<group>";
		};
		09EB45D8266BB2740065648C /* FooterView */ = {
			isa = PBXGroup;
			children = (
				09EB45E0266BC1650065648C /* FooterView.swift */,
			);
			path = FooterView;
			sourceTree = "<group>";
		};
		09EB45DB266BBFDD0065648C /* Helpers */ = {
			isa = PBXGroup;
			children = (
				09CDB21226594C9400FE69F2 /* PhotoService.swift */,
				09EB45DC266BBFFA0065648C /* Constraint.swift */,
				09EB45EF266BDC3D0065648C /* String+Height.swift */,
				093D991126824CFC00473817 /* UIColor+Extensions.swift */,
			);
			path = Helpers;
			sourceTree = "<group>";
		};
		09EB45E2266BC91E0065648C /* GalleryView */ = {
			isa = PBXGroup;
			children = (
				09EB45E3266BC9360065648C /* RowLayout.swift */,
				09EB45E5266BC9DB0065648C /* GalleryCollectionView.swift */,
				09EB45E7266BC9F90065648C /* GalleryCollectionVIewCell.swift */,
			);
			path = GalleryView;
			sourceTree = "<group>";
		};
		667661E6DC7E1D33A06A5FE1 /* Pods */ = {
			isa = PBXGroup;
			children = (
				8E2FB8AFFD33D0D6C4B12F96 /* Pods-UserInterface.debug.xcconfig */,
				E5DF22B8312E351531B93656 /* Pods-UserInterface.release.xcconfig */,
			);
			path = Pods;
			sourceTree = "<group>";
		};
/* End PBXGroup section */

/* Begin PBXNativeTarget section */
		045C904325CAD144005FC428 /* UserInterface */ = {
			isa = PBXNativeTarget;
			buildConfigurationList = 045C905825CAD146005FC428 /* Build configuration list for PBXNativeTarget "UserInterface" */;
			buildPhases = (
				EB016E22FEF3F88701ED6BD4 /* [CP] Check Pods Manifest.lock */,
				045C904025CAD144005FC428 /* Sources */,
				045C904125CAD144005FC428 /* Frameworks */,
				045C904225CAD144005FC428 /* Resources */,
				74F64C69EFB6DFA045A6586C /* [CP] Embed Pods Frameworks */,
			);
			buildRules = (
			);
			dependencies = (
			);
			name = UserInterface;
			productName = UserInterface;
			productReference = 045C904425CAD144005FC428 /* UserInterface.app */;
			productType = "com.apple.product-type.application";
		};
/* End PBXNativeTarget section */

/* Begin PBXProject section */
		045C903C25CAD144005FC428 /* Project object */ = {
			isa = PBXProject;
			attributes = {
				LastSwiftUpdateCheck = 1230;
				LastUpgradeCheck = 1230;
				TargetAttributes = {
					045C904325CAD144005FC428 = {
						CreatedOnToolsVersion = 12.3;
					};
				};
			};
			buildConfigurationList = 045C903F25CAD144005FC428 /* Build configuration list for PBXProject "UserInterface" */;
			compatibilityVersion = "Xcode 9.3";
			developmentRegion = en;
			hasScannedForEncodings = 0;
			knownRegions = (
				en,
				Base,
			);
			mainGroup = 045C903B25CAD144005FC428;
			productRefGroup = 045C904525CAD144005FC428 /* Products */;
			projectDirPath = "";
			projectRoot = "";
			targets = (
				045C904325CAD144005FC428 /* UserInterface */,
			);
		};
/* End PBXProject section */

/* Begin PBXResourcesBuildPhase section */
		045C904225CAD144005FC428 /* Resources */ = {
			isa = PBXResourcesBuildPhase;
			buildActionMask = 2147483647;
			files = (
				045C905425CAD146005FC428 /* LaunchScreen.storyboard in Resources */,
				045C905125CAD146005FC428 /* Assets.xcassets in Resources */,
				045C904F25CAD144005FC428 /* Main.storyboard in Resources */,
				09B1A54C2638A781005314FD /* .gitignore in Resources */,
				09D1DCA22633218200D58A5F /* GoogleService-Info.plist in Resources */,
				09EB45FA266BE7E00065648C /* Localizable.stringsdict in Resources */,
			);
			runOnlyForDeploymentPostprocessing = 0;
		};
/* End PBXResourcesBuildPhase section */

/* Begin PBXShellScriptBuildPhase section */
		74F64C69EFB6DFA045A6586C /* [CP] Embed Pods Frameworks */ = {
			isa = PBXShellScriptBuildPhase;
			buildActionMask = 2147483647;
			files = (
			);
			inputFileListPaths = (
				"${PODS_ROOT}/Target Support Files/Pods-UserInterface/Pods-UserInterface-frameworks-${CONFIGURATION}-input-files.xcfilelist",
			);
			name = "[CP] Embed Pods Frameworks";
			outputFileListPaths = (
				"${PODS_ROOT}/Target Support Files/Pods-UserInterface/Pods-UserInterface-frameworks-${CONFIGURATION}-output-files.xcfilelist",
			);
			runOnlyForDeploymentPostprocessing = 0;
			shellPath = /bin/sh;
			shellScript = "\"${PODS_ROOT}/Target Support Files/Pods-UserInterface/Pods-UserInterface-frameworks.sh\"\n";
			showEnvVarsInLog = 0;
		};
		EB016E22FEF3F88701ED6BD4 /* [CP] Check Pods Manifest.lock */ = {
			isa = PBXShellScriptBuildPhase;
			buildActionMask = 2147483647;
			files = (
			);
			inputFileListPaths = (
			);
			inputPaths = (
				"${PODS_PODFILE_DIR_PATH}/Podfile.lock",
				"${PODS_ROOT}/Manifest.lock",
			);
			name = "[CP] Check Pods Manifest.lock";
			outputFileListPaths = (
			);
			outputPaths = (
				"$(DERIVED_FILE_DIR)/Pods-UserInterface-checkManifestLockResult.txt",
			);
			runOnlyForDeploymentPostprocessing = 0;
			shellPath = /bin/sh;
			shellScript = "diff \"${PODS_PODFILE_DIR_PATH}/Podfile.lock\" \"${PODS_ROOT}/Manifest.lock\" > /dev/null\nif [ $? != 0 ] ; then\n    # print error to STDERR\n    echo \"error: The sandbox is not in sync with the Podfile.lock. Run 'pod install' or update your CocoaPods installation.\" >&2\n    exit 1\nfi\n# This output is used by Xcode 'outputs' to avoid re-running this script phase.\necho \"SUCCESS\" > \"${SCRIPT_OUTPUT_FILE_0}\"\n";
			showEnvVarsInLog = 0;
		};
/* End PBXShellScriptBuildPhase section */

/* Begin PBXSourcesBuildPhase section */
		045C904025CAD144005FC428 /* Sources */ = {
			isa = PBXSourcesBuildPhase;
			buildActionMask = 2147483647;
			files = (
				045063F025FD4D0B00B08791 /* ShareButton.swift in Sources */,
				093D991226824CFC00473817 /* UIColor+Extensions.swift in Sources */,
				09EB45EC266BD4BE0065648C /* WebImageView.swift in Sources */,
				040A3E8025DA427B00DFD359 /* MyGroupsTableViewCell.swift in Sources */,
				09EB45CC266BA8370065648C /* NewsfeedInteractor.swift in Sources */,
				09546EBC267E314C00167322 /* AsyncImageCellCollectionNode.swift in Sources */,
				092AC358260B419F001E4EF1 /* CustomInteractiveTransition.swift in Sources */,
				09EB45EA266BCAF50065648C /* NewsfeedConstants.swift in Sources */,
				092600EC264B278600D079E5 /* RealmUpdateFriendsOperation.swift in Sources */,
				045063EC25FD4C9E00B08791 /* CommentButton.swift in Sources */,
				092AC355260B4165001E4EF1 /* CustomPopAnimator.swift in Sources */,
				09D685C2261F62C90046B131 /* Results.swift in Sources */,
				092601962654015900D079E5 /* VKError.swift in Sources */,
				09CDB2102656BD9500FE69F2 /* KeychainUser.swift in Sources */,
				092AC351260B414D001E4EF1 /* CustomPushAnimator.swift in Sources */,
				092601942652BE6F00D079E5 /* NetworkManagerPromise.swift in Sources */,
				093D99162683908300473817 /* GroupViewModelFactory.swift in Sources */,
				09F1FB002646FC1900C5A2E0 /* Int.swift in Sources */,
				09EB45E6266BC9DB0065648C /* GalleryCollectionView.swift in Sources */,
				040A3E7725D9CB1900DFD359 /* FriendPhotoCollectionViewController.swift in Sources */,
				09546EB4267E01E000167322 /* AlbumsController.swift in Sources */,
				0926019826540D5C00D079E5 /* UIAlertController.swift in Sources */,
				09EB45CB266BA8370065648C /* NewsfeedViewController.swift in Sources */,
				092212502615D2C800B49CD6 /* RealmManager.swift in Sources */,
				09EB45E8266BC9F90065648C /* GalleryCollectionVIewCell.swift in Sources */,
				040A3E7125D9C1DE00DFD359 /* FriendsTableViewController.swift in Sources */,
				04DDEE552604728600FC8577 /* FriendsPhotoViewController.swift in Sources */,
				040A3E7A25D9CEAC00DFD359 /* FriendPhotoCollectionViewCell.swift in Sources */,
				092600EA264B277400D079E5 /* ParseFriendsOperation.swift in Sources */,
				09EB45D3266BAA410065648C /* GradientView.swift in Sources */,
				045CCBA925F3F46F00513B88 /* GroupUser.swift in Sources */,
				09EB45F2266BDD660065648C /* Feed.swift in Sources */,
				044570C225E9064100FC4E47 /* CircleView.swift in Sources */,
				092AC34B260B3D0F001E4EF1 /* AnimatorOpen.swift in Sources */,
				09546EB6267E05E900167322 /* Albums.swift in Sources */,
				09EB45DD266BBFFA0065648C /* Constraint.swift in Sources */,
				09EB45C8266BA8370065648C /* NewsfeedWorker.swift in Sources */,
				040A3E8625DA46C400DFD359 /* AllGroupsTableViewController.swift in Sources */,
				0952DF1C260E2B2200877AFC /* Friends.swift in Sources */,
				09EB45E4266BC9360065648C /* RowLayout.swift in Sources */,
				09EB45C9266BA8370065648C /* NewsfeedRouter.swift in Sources */,
				0450641825FF634C00B08791 /* Loading.swift in Sources */,
				090AF7FC26089E6600C1939B /* NetworkManager.swift in Sources */,
				09546EBA267E2C2100167322 /* PhotoCollection.swift in Sources */,
				09CDB21326594C9400FE69F2 /* PhotoService.swift in Sources */,
				092600EE264B279600D079E5 /* ReloadFriendsController.swift in Sources */,
				040A3E7425D9C6C600DFD359 /* FriendsTableViewCell.swift in Sources */,
				09D1DCC5263325FA00D58A5F /* PhotosFirestore.swift in Sources */,
				045C904825CAD144005FC428 /* AppDelegate.swift in Sources */,
				09EB45CA266BA8370065648C /* NewsfeedModels.swift in Sources */,
				092AC34E260B4106001E4EF1 /* CustomNavigationController.swift in Sources */,
				040A3E7D25DA405600DFD359 /* MyGroupsTableViewController.swift in Sources */,
				09EB45F4266BDE1A0065648C /* User.swift in Sources */,
				0943ECD3260F455800039272 /* Photos.swift in Sources */,
				042542F4260088E6005D99FD /* Session.swift in Sources */,
				09EB45C7266BA8370065648C /* NewsfeedPresenter.swift in Sources */,
				09D1DCC92633260300D58A5F /* GroupsFirestore.swift in Sources */,
				092600E6264B273C00D079E5 /* AsyncOperation.swift in Sources */,
				09D1DCC02633246D00D58A5F /* UsersFirestore.swift in Sources */,
				0926B8D326106F1300C66F1A /* Groups.swift in Sources */,
				045C904A25CAD144005FC428 /* SceneDelegate.swift in Sources */,
				041C53F825E9196600F21BD7 /* LikeButton.swift in Sources */,
				040A3E8325DA463F00DFD359 /* AllGroupsTableViewCell.swift in Sources */,
				09EB45F6266BDF1D0065648C /* NetworkService.swift in Sources */,
				09EB45F8266BDF2A0065648C /* NetworkDataFetcher.swift in Sources */,
				091A71652662766800F41EAA /* CustomShadowView.swift in Sources */,
				09F1FAFE2646E30A00C5A2E0 /* Date.swift in Sources */,
				09EB45EE266BDBD70065648C /* NewsfeedCellLayoutCalculator.swift in Sources */,
				09EB45F0266BDC3D0065648C /* String+Height.swift in Sources */,
				09EB45E1266BC1650065648C /* FooterView.swift in Sources */,
				092600E8264B276300D079E5 /* GetDataOperation.swift in Sources */,
				092600F1264B29E600D079E5 /* NetworkManagerOperation.swift in Sources */,
				090AF7F026088F9100C1939B /* VKLoginViewController.swift in Sources */,
				09EB45D6266BAE8F0065648C /* NewsfeedCell.swift in Sources */,
			);
			runOnlyForDeploymentPostprocessing = 0;
		};
/* End PBXSourcesBuildPhase section */

/* Begin PBXVariantGroup section */
		045C904D25CAD144005FC428 /* Main.storyboard */ = {
			isa = PBXVariantGroup;
			children = (
				045C904E25CAD144005FC428 /* Base */,
			);
			name = Main.storyboard;
			sourceTree = "<group>";
		};
		045C905225CAD146005FC428 /* LaunchScreen.storyboard */ = {
			isa = PBXVariantGroup;
			children = (
				045C905325CAD146005FC428 /* Base */,
			);
			name = LaunchScreen.storyboard;
			sourceTree = "<group>";
		};
/* End PBXVariantGroup section */

/* Begin XCBuildConfiguration section */
		045C905625CAD146005FC428 /* Debug */ = {
			isa = XCBuildConfiguration;
			buildSettings = {
				ALWAYS_SEARCH_USER_PATHS = NO;
				CLANG_ANALYZER_NONNULL = YES;
				CLANG_ANALYZER_NUMBER_OBJECT_CONVERSION = YES_AGGRESSIVE;
				CLANG_CXX_LANGUAGE_STANDARD = "gnu++14";
				CLANG_CXX_LIBRARY = "libc++";
				CLANG_ENABLE_MODULES = YES;
				CLANG_ENABLE_OBJC_ARC = YES;
				CLANG_ENABLE_OBJC_WEAK = YES;
				CLANG_WARN_BLOCK_CAPTURE_AUTORELEASING = YES;
				CLANG_WARN_BOOL_CONVERSION = YES;
				CLANG_WARN_COMMA = YES;
				CLANG_WARN_CONSTANT_CONVERSION = YES;
				CLANG_WARN_DEPRECATED_OBJC_IMPLEMENTATIONS = YES;
				CLANG_WARN_DIRECT_OBJC_ISA_USAGE = YES_ERROR;
				CLANG_WARN_DOCUMENTATION_COMMENTS = YES;
				CLANG_WARN_EMPTY_BODY = YES;
				CLANG_WARN_ENUM_CONVERSION = YES;
				CLANG_WARN_INFINITE_RECURSION = YES;
				CLANG_WARN_INT_CONVERSION = YES;
				CLANG_WARN_NON_LITERAL_NULL_CONVERSION = YES;
				CLANG_WARN_OBJC_IMPLICIT_RETAIN_SELF = YES;
				CLANG_WARN_OBJC_LITERAL_CONVERSION = YES;
				CLANG_WARN_OBJC_ROOT_CLASS = YES_ERROR;
				CLANG_WARN_QUOTED_INCLUDE_IN_FRAMEWORK_HEADER = YES;
				CLANG_WARN_RANGE_LOOP_ANALYSIS = YES;
				CLANG_WARN_STRICT_PROTOTYPES = YES;
				CLANG_WARN_SUSPICIOUS_MOVE = YES;
				CLANG_WARN_UNGUARDED_AVAILABILITY = YES_AGGRESSIVE;
				CLANG_WARN_UNREACHABLE_CODE = YES;
				CLANG_WARN__DUPLICATE_METHOD_MATCH = YES;
				COPY_PHASE_STRIP = NO;
				DEBUG_INFORMATION_FORMAT = dwarf;
				ENABLE_STRICT_OBJC_MSGSEND = YES;
				ENABLE_TESTABILITY = YES;
				GCC_C_LANGUAGE_STANDARD = gnu11;
				GCC_DYNAMIC_NO_PIC = NO;
				GCC_NO_COMMON_BLOCKS = YES;
				GCC_OPTIMIZATION_LEVEL = 0;
				GCC_PREPROCESSOR_DEFINITIONS = (
					"DEBUG=1",
					"$(inherited)",
				);
				GCC_WARN_64_TO_32_BIT_CONVERSION = YES;
				GCC_WARN_ABOUT_RETURN_TYPE = YES_ERROR;
				GCC_WARN_UNDECLARED_SELECTOR = YES;
				GCC_WARN_UNINITIALIZED_AUTOS = YES_AGGRESSIVE;
				GCC_WARN_UNUSED_FUNCTION = YES;
				GCC_WARN_UNUSED_VARIABLE = YES;
				IPHONEOS_DEPLOYMENT_TARGET = 14.3;
				MTL_ENABLE_DEBUG_INFO = INCLUDE_SOURCE;
				MTL_FAST_MATH = YES;
				ONLY_ACTIVE_ARCH = YES;
				SDKROOT = iphoneos;
				SWIFT_ACTIVE_COMPILATION_CONDITIONS = DEBUG;
				SWIFT_OPTIMIZATION_LEVEL = "-Onone";
			};
			name = Debug;
		};
		045C905725CAD146005FC428 /* Release */ = {
			isa = XCBuildConfiguration;
			buildSettings = {
				ALWAYS_SEARCH_USER_PATHS = NO;
				CLANG_ANALYZER_NONNULL = YES;
				CLANG_ANALYZER_NUMBER_OBJECT_CONVERSION = YES_AGGRESSIVE;
				CLANG_CXX_LANGUAGE_STANDARD = "gnu++14";
				CLANG_CXX_LIBRARY = "libc++";
				CLANG_ENABLE_MODULES = YES;
				CLANG_ENABLE_OBJC_ARC = YES;
				CLANG_ENABLE_OBJC_WEAK = YES;
				CLANG_WARN_BLOCK_CAPTURE_AUTORELEASING = YES;
				CLANG_WARN_BOOL_CONVERSION = YES;
				CLANG_WARN_COMMA = YES;
				CLANG_WARN_CONSTANT_CONVERSION = YES;
				CLANG_WARN_DEPRECATED_OBJC_IMPLEMENTATIONS = YES;
				CLANG_WARN_DIRECT_OBJC_ISA_USAGE = YES_ERROR;
				CLANG_WARN_DOCUMENTATION_COMMENTS = YES;
				CLANG_WARN_EMPTY_BODY = YES;
				CLANG_WARN_ENUM_CONVERSION = YES;
				CLANG_WARN_INFINITE_RECURSION = YES;
				CLANG_WARN_INT_CONVERSION = YES;
				CLANG_WARN_NON_LITERAL_NULL_CONVERSION = YES;
				CLANG_WARN_OBJC_IMPLICIT_RETAIN_SELF = YES;
				CLANG_WARN_OBJC_LITERAL_CONVERSION = YES;
				CLANG_WARN_OBJC_ROOT_CLASS = YES_ERROR;
				CLANG_WARN_QUOTED_INCLUDE_IN_FRAMEWORK_HEADER = YES;
				CLANG_WARN_RANGE_LOOP_ANALYSIS = YES;
				CLANG_WARN_STRICT_PROTOTYPES = YES;
				CLANG_WARN_SUSPICIOUS_MOVE = YES;
				CLANG_WARN_UNGUARDED_AVAILABILITY = YES_AGGRESSIVE;
				CLANG_WARN_UNREACHABLE_CODE = YES;
				CLANG_WARN__DUPLICATE_METHOD_MATCH = YES;
				COPY_PHASE_STRIP = NO;
				DEBUG_INFORMATION_FORMAT = "dwarf-with-dsym";
				ENABLE_NS_ASSERTIONS = NO;
				ENABLE_STRICT_OBJC_MSGSEND = YES;
				GCC_C_LANGUAGE_STANDARD = gnu11;
				GCC_NO_COMMON_BLOCKS = YES;
				GCC_WARN_64_TO_32_BIT_CONVERSION = YES;
				GCC_WARN_ABOUT_RETURN_TYPE = YES_ERROR;
				GCC_WARN_UNDECLARED_SELECTOR = YES;
				GCC_WARN_UNINITIALIZED_AUTOS = YES_AGGRESSIVE;
				GCC_WARN_UNUSED_FUNCTION = YES;
				GCC_WARN_UNUSED_VARIABLE = YES;
				IPHONEOS_DEPLOYMENT_TARGET = 14.3;
				MTL_ENABLE_DEBUG_INFO = NO;
				MTL_FAST_MATH = YES;
				SDKROOT = iphoneos;
				SWIFT_COMPILATION_MODE = wholemodule;
				SWIFT_OPTIMIZATION_LEVEL = "-O";
				VALIDATE_PRODUCT = YES;
			};
			name = Release;
		};
		045C905925CAD146005FC428 /* Debug */ = {
			isa = XCBuildConfiguration;
			baseConfigurationReference = 8E2FB8AFFD33D0D6C4B12F96 /* Pods-UserInterface.debug.xcconfig */;
			buildSettings = {
				ASSETCATALOG_COMPILER_APPICON_NAME = AppIcon;
				ASSETCATALOG_COMPILER_GLOBAL_ACCENT_COLOR_NAME = AccentColor;
				CODE_SIGN_STYLE = Automatic;
				DEVELOPMENT_TEAM = K9HRPHZ76R;
				INFOPLIST_FILE = UserInterface/Info.plist;
				LD_RUNPATH_SEARCH_PATHS = (
					"$(inherited)",
					"@executable_path/Frameworks",
				);
				PRODUCT_BUNDLE_IDENTIFIER = ilyaw.UserInterface;
				PRODUCT_NAME = "$(TARGET_NAME)";
				SWIFT_VERSION = 5.0;
				TARGETED_DEVICE_FAMILY = "1,2";
			};
			name = Debug;
		};
		045C905A25CAD146005FC428 /* Release */ = {
			isa = XCBuildConfiguration;
			baseConfigurationReference = E5DF22B8312E351531B93656 /* Pods-UserInterface.release.xcconfig */;
			buildSettings = {
				ASSETCATALOG_COMPILER_APPICON_NAME = AppIcon;
				ASSETCATALOG_COMPILER_GLOBAL_ACCENT_COLOR_NAME = AccentColor;
				CODE_SIGN_STYLE = Automatic;
				DEVELOPMENT_TEAM = K9HRPHZ76R;
				INFOPLIST_FILE = UserInterface/Info.plist;
				LD_RUNPATH_SEARCH_PATHS = (
					"$(inherited)",
					"@executable_path/Frameworks",
				);
				PRODUCT_BUNDLE_IDENTIFIER = ilyaw.UserInterface;
				PRODUCT_NAME = "$(TARGET_NAME)";
				SWIFT_VERSION = 5.0;
				TARGETED_DEVICE_FAMILY = "1,2";
			};
			name = Release;
		};
/* End XCBuildConfiguration section */

/* Begin XCConfigurationList section */
		045C903F25CAD144005FC428 /* Build configuration list for PBXProject "UserInterface" */ = {
			isa = XCConfigurationList;
			buildConfigurations = (
				045C905625CAD146005FC428 /* Debug */,
				045C905725CAD146005FC428 /* Release */,
			);
			defaultConfigurationIsVisible = 0;
			defaultConfigurationName = Release;
		};
		045C905825CAD146005FC428 /* Build configuration list for PBXNativeTarget "UserInterface" */ = {
			isa = XCConfigurationList;
			buildConfigurations = (
				045C905925CAD146005FC428 /* Debug */,
				045C905A25CAD146005FC428 /* Release */,
			);
			defaultConfigurationIsVisible = 0;
			defaultConfigurationName = Release;
		};
/* End XCConfigurationList section */
	};
	rootObject = 045C903C25CAD144005FC428 /* Project object */;
}
